
Microsoft Visual Studio Solution File, Format Version 12.00
# Visual Studio Version 17
VisualStudioVersion = 17.1.32421.90
MinimumVisualStudioVersion = 10.0.40219.1
Project("{FAE04EC0-301F-11D3-BF4B-00C04F79EFBC}") = "HomewWork 8 module Misson 2", "HomewWork 8 module Misson 2\HomewWork 8 module Misson 2.csproj", "{C7562B67-F5F3-4236-9459-C05BF51B2686}"
EndProject
Global
	GlobalSection(SolutionConfigurationPlatforms) = preSolution
		Debug|Any CPU = Debug|Any CPU
		Release|Any CPU = Release|Any CPU
	EndGlobalSection
	GlobalSection(ProjectConfigurationPlatforms) = postSolution
		{C7562B67-F5F3-4236-9459-C05BF51B2686}.Debug|Any CPU.ActiveCfg = Debug|Any CPU
		{C7562B67-F5F3-4236-9459-C05BF51B2686}.Debug|Any CPU.Build.0 = Debug|Any CPU
		{C7562B67-F5F3-4236-9459-C05BF51B2686}.Release|Any CPU.ActiveCfg = Release|Any CPU
		{C7562B67-F5F3-4236-9459-C05BF51B2686}.Release|Any CPU.Build.0 = Release|Any CPU
	EndGlobalSection
	GlobalSection(SolutionProperties) = preSolution
		HideSolutionNode = FALSE
	EndGlobalSection
	GlobalSection(ExtensibilityGlobals) = postSolution
		SolutionGuid = {12F1B704-C7A4-43BD-99D3-B902AC55B265}
	EndGlobalSection
EndGlobal
